{
  "name": "ion-star-ratings",
  "version": "0.0.1",
  "lockfileVersion": 3,
  "requires": true,
  "packages": {
    "": {
      "name": "ion-star-ratings",
      "version": "0.0.1",
      "dependencies": {
        "tslib": "^2.3.0"
      },
      "devDependencies": {
        "@ionic/angular": "^7.0.7"
      },
      "peerDependencies": {
        "@angular/common": "^16.0.0",
        "@angular/core": "^16.0.0"
      }
    },
    "node_modules/@angular/common": {
      "version": "16.0.2",
      "resolved": "https://registry.npmjs.org/@angular/common/-/common-16.0.2.tgz",
      "integrity": "sha512-nCuDnsHNmC5ouQWTKtUaI8HG4gEzBJW94uf0kBfYP6SEENDMybATBTvWWTnuqSTDolyYSDkgvV0tKRb87SBykg==",
      "peer": true,
      "dependencies": {
        "tslib": "^2.3.0"
      },
      "engines": {
        "node": "^16.14.0 || >=18.10.0"
      },
      "peerDependencies": {
        "@angular/core": "16.0.2",
        "rxjs": "^6.5.3 || ^7.4.0"
      }
    },
    "node_modules/@angular/core": {
      "version": "16.0.2",
      "resolved": "https://registry.npmjs.org/@angular/core/-/core-16.0.2.tgz",
      "integrity": "sha512-uPa2A+nVqwljDepahMn2ndgWg/a14VnTqgunXJP9q/Us98I/YGdryake4aTfXHUAdLON/R9IzomiXeFDYp5cJQ==",
      "peer": true,
      "dependencies": {
        "tslib": "^2.3.0"
      },
      "engines": {
        "node": "^16.14.0 || >=18.10.0"
      },
      "peerDependencies": {
        "rxjs": "^6.5.3 || ^7.4.0",
        "zone.js": "~0.13.0"
      }
    },
    "node_modules/@angular/forms": {
      "version": "16.0.2",
      "resolved": "https://registry.npmjs.org/@angular/forms/-/forms-16.0.2.tgz",
      "integrity": "sha512-sx46q0RgEH2yyb3jT5IZ0OuVzzrfKKmOui6XzuthwLdswgn+lylTduNxobqpnrnlCe8aNqM29dUtmpkpOK8p2g==",
      "dev": true,
      "peer": true,
      "dependencies": {
        "tslib": "^2.3.0"
      },
      "engines": {
        "node": "^16.14.0 || >=18.10.0"
      },
      "peerDependencies": {
        "@angular/common": "16.0.2",
        "@angular/core": "16.0.2",
        "@angular/platform-browser": "16.0.2",
        "rxjs": "^6.5.3 || ^7.4.0"
      }
    },
    "node_modules/@angular/platform-browser": {
      "version": "16.0.2",
      "resolved": "https://registry.npmjs.org/@angular/platform-browser/-/platform-browser-16.0.2.tgz",
      "integrity": "sha512-sGGUBnKGY6T9MLfD25wr83agYObNnF6GhuSDwKqf9m0QUuV3yeer3ZVnBAI4fjnDv/bi8w5qdisnK2+X0N+Tfg==",
      "dev": true,
      "peer": true,
      "dependencies": {
        "tslib": "^2.3.0"
      },
      "engines": {
        "node": "^16.14.0 || >=18.10.0"
      },
      "peerDependencies": {
        "@angular/animations": "16.0.2",
        "@angular/common": "16.0.2",
        "@angular/core": "16.0.2"
      },
      "peerDependenciesMeta": {
        "@angular/animations": {
          "optional": true
        }
      }
    },
    "node_modules/@angular/router": {
      "version": "16.0.2",
      "resolved": "https://registry.npmjs.org/@angular/router/-/router-16.0.2.tgz",
      "integrity": "sha512-CpC0R4q7iDioATJcbfAmelrzf+v8X5BDE7V3T4gSYnMt9XfWG6c6TBnkubac1dBdriJisZQEK5vIrQmUFdeI7w==",
      "dev": true,
      "peer": true,
      "dependencies": {
        "tslib": "^2.3.0"
      },
      "engines": {
        "node": "^16.14.0 || >=18.10.0"
      },
      "peerDependencies": {
        "@angular/common": "16.0.2",
        "@angular/core": "16.0.2",
        "@angular/platform-browser": "16.0.2",
        "rxjs": "^6.5.3 || ^7.4.0"
      }
    },
    "node_modules/@ionic/angular": {
      "version": "7.0.7",
      "resolved": "https://registry.npmjs.org/@ionic/angular/-/angular-7.0.7.tgz",
      "integrity": "sha512-dbBhxAt2BDfKcZKVUga0SQM2BcGEV5kGvt342lv3ziCkpyxQqvsmXaH3L4sy8n0/6pyji8jIvC0RM40ZMODvGg==",
      "dev": true,
      "dependencies": {
        "@ionic/core": "7.0.7",
        "ionicons": "^7.0.0",
        "jsonc-parser": "^3.0.0",
        "tslib": "^2.3.0"
      },
      "peerDependencies": {
        "@angular/core": ">=14.0.0",
        "@angular/forms": ">=14.0.0",
        "@angular/router": ">=14.0.0",
        "rxjs": ">=7.5.0",
        "zone.js": ">=0.11.0"
      }
    },
    "node_modules/@ionic/core": {
      "version": "7.0.7",
      "resolved": "https://registry.npmjs.org/@ionic/core/-/core-7.0.7.tgz",
      "integrity": "sha512-3ps2j3Utx49CVazKHHWsPS8QBZYujnh6/dwz1ovHIDTq7HXKzUNbMtHm0UAZC2YkW5rE/Pm41CIBMwfFV0ImKg==",
      "dev": true,
      "dependencies": {
        "@stencil/core": "^3.2.2",
        "ionicons": "^7.1.0",
        "tslib": "^2.1.0"
      }
    },
    "node_modules/@stencil/core": {
      "version": "3.2.2",
      "resolved": "https://registry.npmjs.org/@stencil/core/-/core-3.2.2.tgz",
      "integrity": "sha512-wXb9cVWL0T3cTwYLveekdTFCRGx6+9hpVDEXna+N8K8OPoW6xtFAHRLv+LjOM7k59PkA8MG3IinAfV7Y+xa0Hw==",
      "dev": true,
      "bin": {
        "stencil": "bin/stencil"
      },
      "engines": {
        "node": ">=14.10.0",
        "npm": ">=6.0.0"
      }
    },
    "node_modules/ionicons": {
      "version": "7.1.0",
      "resolved": "https://registry.npmjs.org/ionicons/-/ionicons-7.1.0.tgz",
      "integrity": "sha512-iE4GuEdEHARJpp0sWL7WJZCzNCf5VxpNRhAjW0fLnZPnNL5qZOJUcfup2Z2Ty7Jk8Q5hacrHfGEB1lCwOdXqGg==",
      "dev": true,
      "dependencies": {
        "@stencil/core": "^2.18.0"
      }
    },
    "node_modules/ionicons/node_modules/@stencil/core": {
      "version": "2.22.3",
      "resolved": "https://registry.npmjs.org/@stencil/core/-/core-2.22.3.tgz",
      "integrity": "sha512-kmVA0M/HojwsfkeHsifvHVIYe4l5tin7J5+DLgtl8h6WWfiMClND5K3ifCXXI2ETDNKiEk21p6jql3Fx9o2rng==",
      "dev": true,
      "bin": {
        "stencil": "bin/stencil"
      },
      "engines": {
        "node": ">=12.10.0",
        "npm": ">=6.0.0"
      }
    },
    "node_modules/jsonc-parser": {
      "version": "3.2.0",
      "resolved": "https://registry.npmjs.org/jsonc-parser/-/jsonc-parser-3.2.0.tgz",
      "integrity": "sha512-gfFQZrcTc8CnKXp6Y4/CBT3fTc0OVuDofpre4aEeEpSBPV5X5v4+Vmx+8snU7RLPrNHPKSgLxGo9YuQzz20o+w==",
      "dev": true
    },
    "node_modules/rxjs": {
      "version": "7.8.1",
      "resolved": "https://registry.npmjs.org/rxjs/-/rxjs-7.8.1.tgz",
      "integrity": "sha512-AA3TVj+0A2iuIoQkWEK/tqFjBq2j+6PO6Y0zJcvzLAFhEFIO3HL0vls9hWLncZbAAbK0mar7oZ4V079I/qPMxg==",
      "peer": true,
      "dependencies": {
        "tslib": "^2.1.0"
      }
    },
    "node_modules/tslib": {
      "version": "2.5.2",
      "resolved": "https://registry.npmjs.org/tslib/-/tslib-2.5.2.tgz",
      "integrity": "sha512-5svOrSA2w3iGFDs1HibEVBGbDrAY82bFQ3HZ3ixB+88nsbsWQoKqDRb5UBYAUPEzbBn6dAp5gRNXglySbx1MlA=="
    },
    "node_modules/zone.js": {
      "version": "0.13.0",
      "resolved": "https://registry.npmjs.org/zone.js/-/zone.js-0.13.0.tgz",
      "integrity": "sha512-7m3hNNyswsdoDobCkYNAy5WiUulkMd3+fWaGT9ij6iq3Zr/IwJo4RMCYPSDjT+r7tnPErmY9sZpKhWQ8S5k6XQ==",
      "peer": true,
      "dependencies": {
        "tslib": "^2.3.0"
      }
    }
  }
}
